
Microsoft Visual Studio Solution File, Format Version 12.00
# Visual Studio Version 17
VisualStudioVersion = 17.5.33530.505
MinimumVisualStudioVersion = 10.0.40219.1
Project("{FAE04EC0-301F-11D3-BF4B-00C04F79EFBC}") = "ml-prediccion-compra", "ml-prediccion-compra.csproj", "{0561C887-5BE5-49C8-8A0D-DBE45475ACBD}"
EndProject
Global
	GlobalSection(SolutionConfigurationPlatforms) = preSolution
		Debug|Any CPU = Debug|Any CPU
		Release|Any CPU = Release|Any CPU
	EndGlobalSection
	GlobalSection(ProjectConfigurationPlatforms) = postSolution
		{0561C887-5BE5-49C8-8A0D-DBE45475ACBD}.Debug|Any CPU.ActiveCfg = Debug|Any CPU
		{0561C887-5BE5-49C8-8A0D-DBE45475ACBD}.Debug|Any CPU.Build.0 = Debug|Any CPU
		{0561C887-5BE5-49C8-8A0D-DBE45475ACBD}.Release|Any CPU.ActiveCfg = Release|Any CPU
		{0561C887-5BE5-49C8-8A0D-DBE45475ACBD}.Release|Any CPU.Build.0 = Release|Any CPU
	EndGlobalSection
	GlobalSection(SolutionProperties) = preSolution
		HideSolutionNode = FALSE
	EndGlobalSection
	GlobalSection(ExtensibilityGlobals) = postSolution
		SolutionGuid = {8FC784A5-20D4-4738-8768-2828D3814CE3}
	EndGlobalSection
EndGlobal
